{
  "meteor": {},
  "dependencies": {
    "basePackages": {
      "fancybox": {},
      "iron-router": {},
      "analyticsjs": {},
      "collection-hooks": {},
      "spin": {},
      "handlebar-helpers": {},
      "bootstrap3-less": {},
      "fittext": {}
    },
    "packages": {
      "fancybox": {
        "git": "https://github.com/matteodem/meteor-fancybox.git",
        "tag": "v0.5.0",
        "commit": "0dee721f3655f8b40fd89ab733fff44642bb5e79"
      },
      "iron-router": {
        "git": "https://github.com/EventedMind/iron-router.git",
        "tag": "v0.6.4",
        "commit": "927bbaed1b87894fb6fb70807f74ff3a5bd89f29"
      },
      "analyticsjs": {
        "git": "https://github.com/nate-strauser/meteor-analyticsjs.git",
        "tag": "v0.1.3",
        "commit": "a4d3451eb4ba701798dfbc089cc753ebc81487b5"
      },
      "collection-hooks": {
        "git": "https://github.com/matb33/meteor-collection-hooks.git",
        "tag": "v0.6.3",
        "commit": "70f2598bf991cb36effd72aea2555cba96f88355"
      },
      "spin": {
        "git": "https://github.com/SachaG/meteor-spin.git",
        "tag": "v0.2.2",
        "commit": "3f655f0016228e4195acc784c45d3e3a247dc39f"
      },
      "handlebar-helpers": {
        "git": "https://github.com/raix/Meteor-handlebar-helpers.git",
        "tag": "v0.1.0",
        "commit": "45ae50712632f4081724222f4d12a0562e151b33"
      },
      "bootstrap3-less": {
        "git": "https://github.com/eprochasson/bootstrap3-less",
        "tag": "v0.1.9",
        "commit": "5c812c4d7ce72917a065f0424c3cf54e5ff2d16a"
      },
      "fittext": {
        "git": "https://github.com/dbubs/meteor-fittext.git",
        "tag": "v1.2.0.2",
        "commit": "025eb22b0b686ae8b6c03a8c8ef13e291084307b"
      }
    }
  }
}
